// !$*UTF8*$!
{
	archiveVersion = 1;
	classes = {
	};
	objectVersion = 46;
	objects = {

/* Begin PBXBuildFile section */
		69268A841DF74B2900C324DB /* AppDelegate.swift in Sources */ = {isa = PBXBuildFile; fileRef = 69268A831DF74B2900C324DB /* AppDelegate.swift */; };
		69268A861DF74B2900C324DB /* ViewController.swift in Sources */ = {isa = PBXBuildFile; fileRef = 69268A851DF74B2900C324DB /* ViewController.swift */; };
		69268A891DF74B2900C324DB /* Main.storyboard in Resources */ = {isa = PBXBuildFile; fileRef = 69268A871DF74B2900C324DB /* Main.storyboard */; };
		69268A8B1DF74B2900C324DB /* Assets.xcassets in Resources */ = {isa = PBXBuildFile; fileRef = 69268A8A1DF74B2900C324DB /* Assets.xcassets */; };
		69268A8E1DF74B2900C324DB /* LaunchScreen.storyboard in Resources */ = {isa = PBXBuildFile; fileRef = 69268A8C1DF74B2900C324DB /* LaunchScreen.storyboard */; };
		69268A961DF7AE7700C324DB /* wikiArticles.swift in Sources */ = {isa = PBXBuildFile; fileRef = 69268A951DF7AE7700C324DB /* wikiArticles.swift */; };
		69268A981DF7B5CA00C324DB /* TableViewController.swift in Sources */ = {isa = PBXBuildFile; fileRef = 69268A971DF7B5CA00C324DB /* TableViewController.swift */; };
		697134941DF9E74300EEF57F /* CollectionViewController.swift in Sources */ = {isa = PBXBuildFile; fileRef = 697134931DF9E74300EEF57F /* CollectionViewController.swift */; };
		697134981DF9EACF00EEF57F /* CollectionViewCell.swift in Sources */ = {isa = PBXBuildFile; fileRef = 697134971DF9EACF00EEF57F /* CollectionViewCell.swift */; };
		6971349A1DFA025E00EEF57F /* SearchCollectionViewCell.swift in Sources */ = {isa = PBXBuildFile; fileRef = 697134991DFA025E00EEF57F /* SearchCollectionViewCell.swift */; };
/* End PBXBuildFile section */

/* Begin PBXFileReference section */
		69268A801DF74B2900C324DB /* Gamepedia Mobile App.app */ = {isa = PBXFileReference; explicitFileType = wrapper.application; includeInIndex = 0; path = "Gamepedia Mobile App.app"; sourceTree = BUILT_PRODUCTS_DIR; };
		69268A831DF74B2900C324DB /* AppDelegate.swift */ = {isa = PBXFileReference; lastKnownFileType = sourcecode.swift; path = AppDelegate.swift; sourceTree = "<group>"; };
		69268A851DF74B2900C324DB /* ViewController.swift */ = {isa = PBXFileReference; lastKnownFileType = sourcecode.swift; path = ViewController.swift; sourceTree = "<group>"; };
		69268A881DF74B2900C324DB /* Base */ = {isa = PBXFileReference; lastKnownFileType = file.storyboard; name = Base; path = Base.lproj/Main.storyboard; sourceTree = "<group>"; };
		69268A8A1DF74B2900C324DB /* Assets.xcassets */ = {isa = PBXFileReference; lastKnownFileType = folder.assetcatalog; path = Assets.xcassets; sourceTree = "<group>"; };
		69268A8D1DF74B2900C324DB /* Base */ = {isa = PBXFileReference; lastKnownFileType = file.storyboard; name = Base; path = Base.lproj/LaunchScreen.storyboard; sourceTree = "<group>"; };
		69268A8F1DF74B2900C324DB /* Info.plist */ = {isa = PBXFileReference; lastKnownFileType = text.plist.xml; path = Info.plist; sourceTree = "<group>"; };
		69268A951DF7AE7700C324DB /* wikiArticles.swift */ = {isa = PBXFileReference; fileEncoding = 4; lastKnownFileType = sourcecode.swift; path = wikiArticles.swift; sourceTree = "<group>"; };
		69268A971DF7B5CA00C324DB /* TableViewController.swift */ = {isa = PBXFileReference; fileEncoding = 4; lastKnownFileType = sourcecode.swift; path = TableViewController.swift; sourceTree = "<group>"; };
		697134931DF9E74300EEF57F /* CollectionViewController.swift */ = {isa = PBXFileReference; fileEncoding = 4; lastKnownFileType = sourcecode.swift; path = CollectionViewController.swift; sourceTree = "<group>"; };
		697134971DF9EACF00EEF57F /* CollectionViewCell.swift */ = {isa = PBXFileReference; fileEncoding = 4; lastKnownFileType = sourcecode.swift; path = CollectionViewCell.swift; sourceTree = "<group>"; };
		697134991DFA025E00EEF57F /* SearchCollectionViewCell.swift */ = {isa = PBXFileReference; fileEncoding = 4; lastKnownFileType = sourcecode.swift; path = SearchCollectionViewCell.swift; sourceTree = "<group>"; };
/* End PBXFileReference section */

/* Begin PBXFrameworksBuildPhase section */
		69268A7D1DF74B2800C324DB /* Frameworks */ = {
			isa = PBXFrameworksBuildPhase;
			buildActionMask = 2147483647;
			files = (
			);
			runOnlyForDeploymentPostprocessing = 0;
		};
/* End PBXFrameworksBuildPhase section */

/* Begin PBXGroup section */
		69268A771DF74B2800C324DB = {
			isa = PBXGroup;
			children = (
				69268A821DF74B2900C324DB /* Gamepedia Mobile App */,
				69268A811DF74B2900C324DB /* Products */,
			);
			sourceTree = "<group>";
		};
		69268A811DF74B2900C324DB /* Products */ = {
			isa = PBXGroup;
			children = (
				69268A801DF74B2900C324DB /* Gamepedia Mobile App.app */,
			);
			name = Products;
			sourceTree = "<group>";
		};
		69268A821DF74B2900C324DB /* Gamepedia Mobile App */ = {
			isa = PBXGroup;
			children = (
				69268A831DF74B2900C324DB /* AppDelegate.swift */,
				69268A851DF74B2900C324DB /* ViewController.swift */,
				69268A951DF7AE7700C324DB /* wikiArticles.swift */,
				697134971DF9EACF00EEF57F /* CollectionViewCell.swift */,
				69268A871DF74B2900C324DB /* Main.storyboard */,
				697134931DF9E74300EEF57F /* CollectionViewController.swift */,
				69268A971DF7B5CA00C324DB /* TableViewController.swift */,
				697134991DFA025E00EEF57F /* SearchCollectionViewCell.swift */,
				69268A8A1DF74B2900C324DB /* Assets.xcassets */,
				69268A8C1DF74B2900C324DB /* LaunchScreen.storyboard */,
				69268A8F1DF74B2900C324DB /* Info.plist */,
			);
			path = "Gamepedia Mobile App";
			sourceTree = "<group>";
		};
/* End PBXGroup section */

/* Begin PBXNativeTarget section */
		69268A7F1DF74B2800C324DB /* Gamepedia Mobile App */ = {
			isa = PBXNativeTarget;
			buildConfigurationList = 69268A921DF74B2900C324DB /* Build configuration list for PBXNativeTarget "Gamepedia Mobile App" */;
			buildPhases = (
				69268A7C1DF74B2800C324DB /* Sources */,
				69268A7D1DF74B2800C324DB /* Frameworks */,
				69268A7E1DF74B2800C324DB /* Resources */,
			);
			buildRules = (
			);
			dependencies = (
			);
			name = "Gamepedia Mobile App";
			productName = "Gamepedia Mobile App";
			productReference = 69268A801DF74B2900C324DB /* Gamepedia Mobile App.app */;
			productType = "com.apple.product-type.application";
		};
/* End PBXNativeTarget section */

/* Begin PBXProject section */
		69268A781DF74B2800C324DB /* Project object */ = {
			isa = PBXProject;
			attributes = {
				LastSwiftUpdateCheck = 0800;
				LastUpgradeCheck = 0800;
				ORGANIZATIONNAME = "Juan Pablo Fernandez";
				TargetAttributes = {
					69268A7F1DF74B2800C324DB = {
						CreatedOnToolsVersion = 8.0;
						DevelopmentTeam = V92SZ8966T;
						ProvisioningStyle = Automatic;
					};
				};
			};
			buildConfigurationList = 69268A7B1DF74B2800C324DB /* Build configuration list for PBXProject "Gamepedia Mobile App" */;
			compatibilityVersion = "Xcode 3.2";
			developmentRegion = English;
			hasScannedForEncodings = 0;
			knownRegions = (
				en,
				Base,
			);
			mainGroup = 69268A771DF74B2800C324DB;
			productRefGroup = 69268A811DF74B2900C324DB /* Products */;
			projectDirPath = "";
			projectRoot = "";
			targets = (
				69268A7F1DF74B2800C324DB /* Gamepedia Mobile App */,
			);
		};
/* End PBXProject section */

/* Begin PBXResourcesBuildPhase section */
		69268A7E1DF74B2800C324DB /* Resources */ = {
			isa = PBXResourcesBuildPhase;
			buildActionMask = 2147483647;
			files = (
				69268A8E1DF74B2900C324DB /* LaunchScreen.storyboard in Resources */,
				69268A8B1DF74B2900C324DB /* Assets.xcassets in Resources */,
				69268A891DF74B2900C324DB /* Main.storyboard in Resources */,
			);
			runOnlyForDeploymentPostprocessing = 0;
		};
/* End PBXResourcesBuildPhase section */

/* Begin PBXSourcesBuildPhase section */
		69268A7C1DF74B2800C324DB /* Sources */ = {
			isa = PBXSourcesBuildPhase;
			buildActionMask = 2147483647;
			files = (
				69268A961DF7AE7700C324DB /* wikiArticles.swift in Sources */,
				69268A861DF74B2900C324DB /* ViewController.swift in Sources */,
				697134981DF9EACF00EEF57F /* CollectionViewCell.swift in Sources */,
				69268A841DF74B2900C324DB /* AppDelegate.swift in Sources */,
				69268A981DF7B5CA00C324DB /* TableViewController.swift in Sources */,
				6971349A1DFA025E00EEF57F /* SearchCollectionViewCell.swift in Sources */,
				697134941DF9E74300EEF57F /* CollectionViewController.swift in Sources */,
			);
			runOnlyForDeploymentPostprocessing = 0;
		};
/* End PBXSourcesBuildPhase section */

/* Begin PBXVariantGroup section */
		69268A871DF74B2900C324DB /* Main.storyboard */ = {
			isa = PBXVariantGroup;
			children = (
				69268A881DF74B2900C324DB /* Base */,
			);
			name = Main.storyboard;
			sourceTree = "<group>";
		};
		69268A8C1DF74B2900C324DB /* LaunchScreen.storyboard */ = {
			isa = PBXVariantGroup;
			children = (
				69268A8D1DF74B2900C324DB /* Base */,
			);
			name = LaunchScreen.storyboard;
			sourceTree = "<group>";
		};
/* End PBXVariantGroup section */

/* Begin XCBuildConfiguration section */
		69268A901DF74B2900C324DB /* Debug */ = {
			isa = XCBuildConfiguration;
			buildSettings = {
				ALWAYS_SEARCH_USER_PATHS = NO;
				CLANG_ANALYZER_NONNULL = YES;
				CLANG_CXX_LANGUAGE_STANDARD = "gnu++0x";
				CLANG_CXX_LIBRARY = "libc++";
				CLANG_ENABLE_MODULES = YES;
				CLANG_ENABLE_OBJC_ARC = YES;
				CLANG_WARN_BOOL_CONVERSION = YES;
				CLANG_WARN_CONSTANT_CONVERSION = YES;
				CLANG_WARN_DIRECT_OBJC_ISA_USAGE = YES_ERROR;
				CLANG_WARN_DOCUMENTATION_COMMENTS = YES;
				CLANG_WARN_EMPTY_BODY = YES;
				CLANG_WARN_ENUM_CONVERSION = YES;
				CLANG_WARN_INFINITE_RECURSION = YES;
				CLANG_WARN_INT_CONVERSION = YES;
				CLANG_WARN_OBJC_ROOT_CLASS = YES_ERROR;
				CLANG_WARN_SUSPICIOUS_MOVES = YES;
				CLANG_WARN_UNREACHABLE_CODE = YES;
				CLANG_WARN__DUPLICATE_METHOD_MATCH = YES;
				"CODE_SIGN_IDENTITY[sdk=iphoneos*]" = "iPhone Developer";
				COPY_PHASE_STRIP = NO;
				DEBUG_INFORMATION_FORMAT = dwarf;
				ENABLE_STRICT_OBJC_MSGSEND = YES;
				ENABLE_TESTABILITY = YES;
				GCC_C_LANGUAGE_STANDARD = gnu99;
				GCC_DYNAMIC_NO_PIC = NO;
				GCC_NO_COMMON_BLOCKS = YES;
				GCC_OPTIMIZATION_LEVEL = 0;
				GCC_PREPROCESSOR_DEFINITIONS = (
					"DEBUG=1",
					"$(inherited)",
				);
				GCC_WARN_64_TO_32_BIT_CONVERSION = YES;
				GCC_WARN_ABOUT_RETURN_TYPE = YES_ERROR;
				GCC_WARN_UNDECLARED_SELECTOR = YES;
				GCC_WARN_UNINITIALIZED_AUTOS = YES_AGGRESSIVE;
				GCC_WARN_UNUSED_FUNCTION = YES;
				GCC_WARN_UNUSED_VARIABLE = YES;
				IPHONEOS_DEPLOYMENT_TARGET = 10.0;
				MTL_ENABLE_DEBUG_INFO = YES;
				ONLY_ACTIVE_ARCH = YES;
				SDKROOT = iphoneos;
				SWIFT_ACTIVE_COMPILATION_CONDITIONS = DEBUG;
				SWIFT_OPTIMIZATION_LEVEL = "-Onone";
			};
			name = Debug;
		};
		69268A911DF74B2900C324DB /* Release */ = {
			isa = XCBuildConfiguration;
			buildSettings = {
				ALWAYS_SEARCH_USER_PATHS = NO;
				CLANG_ANALYZER_NONNULL = YES;
				CLANG_CXX_LANGUAGE_STANDARD = "gnu++0x";
				CLANG_CXX_LIBRARY = "libc++";
				CLANG_ENABLE_MODULES = YES;
				CLANG_ENABLE_OBJC_ARC = YES;
				CLANG_WARN_BOOL_CONVERSION = YES;
				CLANG_WARN_CONSTANT_CONVERSION = YES;
				CLANG_WARN_DIRECT_OBJC_ISA_USAGE = YES_ERROR;
				CLANG_WARN_DOCUMENTATION_COMMENTS = YES;
				CLANG_WARN_EMPTY_BODY = YES;
				CLANG_WARN_ENUM_CONVERSION = YES;
				CLANG_WARN_INFINITE_RECURSION = YES;
				CLANG_WARN_INT_CONVERSION = YES;
				CLANG_WARN_OBJC_ROOT_CLASS = YES_ERROR;
				CLANG_WARN_SUSPICIOUS_MOVES = YES;
				CLANG_WARN_UNREACHABLE_CODE = YES;
				CLANG_WARN__DUPLICATE_METHOD_MATCH = YES;
				"CODE_SIGN_IDENTITY[sdk=iphoneos*]" = "iPhone Developer";
				COPY_PHASE_STRIP = NO;
				DEBUG_INFORMATION_FORMAT = "dwarf-with-dsym";
				ENABLE_NS_ASSERTIONS = NO;
				ENABLE_STRICT_OBJC_MSGSEND = YES;
				GCC_C_LANGUAGE_STANDARD = gnu99;
				GCC_NO_COMMON_BLOCKS = YES;
				GCC_WARN_64_TO_32_BIT_CONVERSION = YES;
				GCC_WARN_ABOUT_RETURN_TYPE = YES_ERROR;
				GCC_WARN_UNDECLARED_SELECTOR = YES;
				GCC_WARN_UNINITIALIZED_AUTOS = YES_AGGRESSIVE;
				GCC_WARN_UNUSED_FUNCTION = YES;
				GCC_WARN_UNUSED_VARIABLE = YES;
				IPHONEOS_DEPLOYMENT_TARGET = 10.0;
				MTL_ENABLE_DEBUG_INFO = NO;
				SDKROOT = iphoneos;
				SWIFT_OPTIMIZATION_LEVEL = "-Owholemodule";
				VALIDATE_PRODUCT = YES;
			};
			name = Release;
		};
		69268A931DF74B2900C324DB /* Debug */ = {
			isa = XCBuildConfiguration;
			buildSettings = {
				ASSETCATALOG_COMPILER_APPICON_NAME = AppIcon;
				DEVELOPMENT_TEAM = V92SZ8966T;
				INFOPLIST_FILE = "Gamepedia Mobile App/Info.plist";
				LD_RUNPATH_SEARCH_PATHS = "$(inherited) @executable_path/Frameworks";
				PRODUCT_BUNDLE_IDENTIFIER = "com.juanpablofernandez.Gamepedia-Mobile-App";
				PRODUCT_NAME = "$(TARGET_NAME)";
				SWIFT_VERSION = 3.0;
			};
			name = Debug;
		};
		69268A941DF74B2900C324DB /* Release */ = {
			isa = XCBuildConfiguration;
			buildSettings = {
				ASSETCATALOG_COMPILER_APPICON_NAME = AppIcon;
				DEVELOPMENT_TEAM = V92SZ8966T;
				INFOPLIST_FILE = "Gamepedia Mobile App/Info.plist";
				LD_RUNPATH_SEARCH_PATHS = "$(inherited) @executable_path/Frameworks";
				PRODUCT_BUNDLE_IDENTIFIER = "com.juanpablofernandez.Gamepedia-Mobile-App";
				PRODUCT_NAME = "$(TARGET_NAME)";
				SWIFT_VERSION = 3.0;
			};
			name = Release;
		};
/* End XCBuildConfiguration section */

/* Begin XCConfigurationList section */
		69268A7B1DF74B2800C324DB /* Build configuration list for PBXProject "Gamepedia Mobile App" */ = {
			isa = XCConfigurationList;
			buildConfigurations = (
				69268A901DF74B2900C324DB /* Debug */,
				69268A911DF74B2900C324DB /* Release */,
			);
			defaultConfigurationIsVisible = 0;
			defaultConfigurationName = Release;
		};
		69268A921DF74B2900C324DB /* Build configuration list for PBXNativeTarget "Gamepedia Mobile App" */ = {
			isa = XCConfigurationList;
			buildConfigurations = (
				69268A931DF74B2900C324DB /* Debug */,
				69268A941DF74B2900C324DB /* Release */,
			);
			defaultConfigurationIsVisible = 0;
			defaultConfigurationName = Release;
		};
/* End XCConfigurationList section */
	};
	rootObject = 69268A781DF74B2800C324DB /* Project object */;
}
